{
  "name": "line-expense-bot",
  "version": "1.0.0",
  "lockfileVersion": 3,
  "requires": true,
  "packages": {
    "": {
      "name": "line-expense-bot",
      "version": "1.0.0",
      "dependencies": {
        "express": "^4.18.2",
        "@line/bot-sdk": "^7.6.0",
        "google-auth-library": "^9.0.0"
      },
      "engines": {
        "node": ">=18.0.0"
      }
    }
  }
}
